dependencies:
- name: common
  repository: https://nimbushubin.github.io/helmcharts
  version: 0.1.0
- name: redis
  repository: https://charts.bitnami.com/bitnami
  version: 18.1.1
- name: kafka
  repository: https://charts.bitnami.com/bitnami
  version: 20.0.2
- name: cassandra
  repository: https://charts.bitnami.com/bitnami
  version: 10.1.0
- name: elasticsearch
  repository: https://charts.bitnami.com/bitnami
  version: 19.5.4
- name: druid-raw-cluster
  repository: ""
  version: 0.1.1
- name: druid-operator
  repository: ""
  version: 0.1.1
- name: postgresql
  repository: ""
  version: 10.16.3
- name: neo4j
  repository: ""
  version: 0.1.0
digest: sha256:194b961be8faf3ada0e9209846813428a546313fa467c53f1514cfdafec2aa07
generated: "2025-06-17T15:41:42.542759894Z"
